
Microsoft Visual Studio Solution File, Format Version 12.00
# Visual Studio Version 17
VisualStudioVersion = 17.0.32014.148
MinimumVisualStudioVersion = 10.0.40219.1
Project("{FAE04EC0-301F-11D3-BF4B-00C04F79EFBC}") = "RFEOnSite", "RFEOnSite\RFEOnSite.csproj", "{ADA03530-8C5D-46FD-94DC-6C5D9E65822D}"
EndProject
Global
	GlobalSection(SolutionConfigurationPlatforms) = preSolution
		Debug|Any CPU = Debug|Any CPU
		Debug|x64 = Debug|x64
		Release|Any CPU = Release|Any CPU
		Release|x64 = Release|x64
	EndGlobalSection
	GlobalSection(ProjectConfigurationPlatforms) = postSolution
		{ADA03530-8C5D-46FD-94DC-6C5D9E65822D}.Debug|Any CPU.ActiveCfg = Debug|Any CPU
		{ADA03530-8C5D-46FD-94DC-6C5D9E65822D}.Debug|Any CPU.Build.0 = Debug|Any CPU
		{ADA03530-8C5D-46FD-94DC-6C5D9E65822D}.Debug|x64.ActiveCfg = Debug|x64
		{ADA03530-8C5D-46FD-94DC-6C5D9E65822D}.Debug|x64.Build.0 = Debug|x64
		{ADA03530-8C5D-46FD-94DC-6C5D9E65822D}.Release|Any CPU.ActiveCfg = Release|Any CPU
		{ADA03530-8C5D-46FD-94DC-6C5D9E65822D}.Release|Any CPU.Build.0 = Release|Any CPU
		{ADA03530-8C5D-46FD-94DC-6C5D9E65822D}.Release|x64.ActiveCfg = Release|x64
		{ADA03530-8C5D-46FD-94DC-6C5D9E65822D}.Release|x64.Build.0 = Release|x64
	EndGlobalSection
	GlobalSection(SolutionProperties) = preSolution
		HideSolutionNode = FALSE
	EndGlobalSection
	GlobalSection(ExtensibilityGlobals) = postSolution
		SolutionGuid = {C80BD984-7D65-4DB1-B484-16F358155FA2}
	EndGlobalSection
EndGlobal
